
Microsoft Visual Studio Solution File, Format Version 12.00
# Visual Studio Version 16
VisualStudioVersion = 16.0.31005.135
MinimumVisualStudioVersion = 10.0.40219.1
Project("{9A19103F-16F7-4668-BE54-9A1E7A4F7556}") = "Thitipong.Upload.Model", "Thitipong.Upload.Model\Thitipong.Upload.Model.csproj", "{4B65CA51-4141-4695-8FDE-F14B46528B90}"
EndProject
Project("{9A19103F-16F7-4668-BE54-9A1E7A4F7556}") = "Thitipong.Upload.Service", "Thitipong.Upload.Service\Thitipong.Upload.Service.csproj", "{49900216-354F-4645-B362-AE54E7499DAC}"
EndProject
Project("{9A19103F-16F7-4668-BE54-9A1E7A4F7556}") = "Thitipong.Upload.Api", "Thitipong.Upload.Api\Thitipong.Upload.Api.csproj", "{23E45D9F-BF42-4039-A6F3-4C26BE27D9B4}"
EndProject
Project("{9A19103F-16F7-4668-BE54-9A1E7A4F7556}") = "Thitipong.Upload.Web", "Thitipong.Upload.Web\Thitipong.Upload.Web.csproj", "{214A8E5D-1F9F-4267-84A0-FF266A451DC9}"
EndProject
Project("{FAE04EC0-301F-11D3-BF4B-00C04F79EFBC}") = "Thitipong.CallApi", "Thitipong.CallApi\Thitipong.CallApi.csproj", "{CEBEFC0F-8120-4905-BD0C-B3A764EAE537}"
EndProject
Global
	GlobalSection(SolutionConfigurationPlatforms) = preSolution
		Debug|Any CPU = Debug|Any CPU
		Release|Any CPU = Release|Any CPU
	EndGlobalSection
	GlobalSection(ProjectConfigurationPlatforms) = postSolution
		{4B65CA51-4141-4695-8FDE-F14B46528B90}.Debug|Any CPU.ActiveCfg = Debug|Any CPU
		{4B65CA51-4141-4695-8FDE-F14B46528B90}.Debug|Any CPU.Build.0 = Debug|Any CPU
		{4B65CA51-4141-4695-8FDE-F14B46528B90}.Release|Any CPU.ActiveCfg = Release|Any CPU
		{4B65CA51-4141-4695-8FDE-F14B46528B90}.Release|Any CPU.Build.0 = Release|Any CPU
		{49900216-354F-4645-B362-AE54E7499DAC}.Debug|Any CPU.ActiveCfg = Debug|Any CPU
		{49900216-354F-4645-B362-AE54E7499DAC}.Debug|Any CPU.Build.0 = Debug|Any CPU
		{49900216-354F-4645-B362-AE54E7499DAC}.Release|Any CPU.ActiveCfg = Release|Any CPU
		{49900216-354F-4645-B362-AE54E7499DAC}.Release|Any CPU.Build.0 = Release|Any CPU
		{23E45D9F-BF42-4039-A6F3-4C26BE27D9B4}.Debug|Any CPU.ActiveCfg = Debug|Any CPU
		{23E45D9F-BF42-4039-A6F3-4C26BE27D9B4}.Debug|Any CPU.Build.0 = Debug|Any CPU
		{23E45D9F-BF42-4039-A6F3-4C26BE27D9B4}.Release|Any CPU.ActiveCfg = Release|Any CPU
		{23E45D9F-BF42-4039-A6F3-4C26BE27D9B4}.Release|Any CPU.Build.0 = Release|Any CPU
		{214A8E5D-1F9F-4267-84A0-FF266A451DC9}.Debug|Any CPU.ActiveCfg = Debug|Any CPU
		{214A8E5D-1F9F-4267-84A0-FF266A451DC9}.Debug|Any CPU.Build.0 = Debug|Any CPU
		{214A8E5D-1F9F-4267-84A0-FF266A451DC9}.Release|Any CPU.ActiveCfg = Release|Any CPU
		{214A8E5D-1F9F-4267-84A0-FF266A451DC9}.Release|Any CPU.Build.0 = Release|Any CPU
		{CEBEFC0F-8120-4905-BD0C-B3A764EAE537}.Debug|Any CPU.ActiveCfg = Debug|Any CPU
		{CEBEFC0F-8120-4905-BD0C-B3A764EAE537}.Debug|Any CPU.Build.0 = Debug|Any CPU
		{CEBEFC0F-8120-4905-BD0C-B3A764EAE537}.Release|Any CPU.ActiveCfg = Release|Any CPU
		{CEBEFC0F-8120-4905-BD0C-B3A764EAE537}.Release|Any CPU.Build.0 = Release|Any CPU
	EndGlobalSection
	GlobalSection(SolutionProperties) = preSolution
		HideSolutionNode = FALSE
	EndGlobalSection
	GlobalSection(ExtensibilityGlobals) = postSolution
		SolutionGuid = {1EB938E0-5509-4296-9AEF-66A322A4DDBC}
	EndGlobalSection
EndGlobal
